// !$*UTF8*$!
{
	archiveVersion = 1;
	classes = {
	};
	objectVersion = 55;
	objects = {

/* Begin PBXBuildFile section */
		CF75F67126F79F58000E956A /* AppDelegate.swift in Sources */ = {isa = PBXBuildFile; fileRef = CF75F67026F79F58000E956A /* AppDelegate.swift */; };
		CF75F67326F79F58000E956A /* SceneDelegate.swift in Sources */ = {isa = PBXBuildFile; fileRef = CF75F67226F79F58000E956A /* SceneDelegate.swift */; };
		CF75F67526F79F58000E956A /* ViewController.swift in Sources */ = {isa = PBXBuildFile; fileRef = CF75F67426F79F58000E956A /* ViewController.swift */; };
		CF75F67A26F79F5A000E956A /* Assets.xcassets in Resources */ = {isa = PBXBuildFile; fileRef = CF75F67926F79F5A000E956A /* Assets.xcassets */; };
		CF75F67D26F79F5A000E956A /* LaunchScreen.storyboard in Resources */ = {isa = PBXBuildFile; fileRef = CF75F67B26F79F5A000E956A /* LaunchScreen.storyboard */; };
		CF75F68826F79F5B000E956A /* WeatherAPI_TestingTests.swift in Sources */ = {isa = PBXBuildFile; fileRef = CF75F68726F79F5B000E956A /* WeatherAPI_TestingTests.swift */; };
		CF75F69226F79F5B000E956A /* WeatherAPI_TestingUITests.swift in Sources */ = {isa = PBXBuildFile; fileRef = CF75F69126F79F5B000E956A /* WeatherAPI_TestingUITests.swift */; };
		CF75F69426F79F5B000E956A /* WeatherAPI_TestingUITestsLaunchTests.swift in Sources */ = {isa = PBXBuildFile; fileRef = CF75F69326F79F5B000E956A /* WeatherAPI_TestingUITestsLaunchTests.swift */; };
		CF75F6A526F7A2CB000E956A /* WeatherManager.swift in Sources */ = {isa = PBXBuildFile; fileRef = CF75F6A426F7A2CB000E956A /* WeatherManager.swift */; };
		CF75F6A726F7A2D4000E956A /* WeatherModel.swift in Sources */ = {isa = PBXBuildFile; fileRef = CF75F6A626F7A2D4000E956A /* WeatherModel.swift */; };
		CF75F6A926F7A2E3000E956A /* WeatherData.swift in Sources */ = {isa = PBXBuildFile; fileRef = CF75F6A826F7A2E3000E956A /* WeatherData.swift */; };
		CF75F6AB26F7A302000E956A /* WeatherView.swift in Sources */ = {isa = PBXBuildFile; fileRef = CF75F6AA26F7A302000E956A /* WeatherView.swift */; };
		CF7D133826F7BB9700B22C64 /* APIManager.swift in Sources */ = {isa = PBXBuildFile; fileRef = CF7D133726F7BB9700B22C64 /* APIManager.swift */; };
/* End PBXBuildFile section */

/* Begin PBXContainerItemProxy section */
		CF75F68426F79F5B000E956A /* PBXContainerItemProxy */ = {
			isa = PBXContainerItemProxy;
			containerPortal = CF75F66526F79F58000E956A /* Project object */;
			proxyType = 1;
			remoteGlobalIDString = CF75F66C26F79F58000E956A;
			remoteInfo = "WeatherAPI-Testing";
		};
		CF75F68E26F79F5B000E956A /* PBXContainerItemProxy */ = {
			isa = PBXContainerItemProxy;
			containerPortal = CF75F66526F79F58000E956A /* Project object */;
			proxyType = 1;
			remoteGlobalIDString = CF75F66C26F79F58000E956A;
			remoteInfo = "WeatherAPI-Testing";
		};
/* End PBXContainerItemProxy section */

/* Begin PBXFileReference section */
		CF75F66D26F79F58000E956A /* WeatherAPI-Testing.app */ = {isa = PBXFileReference; explicitFileType = wrapper.application; includeInIndex = 0; path = "WeatherAPI-Testing.app"; sourceTree = BUILT_PRODUCTS_DIR; };
		CF75F67026F79F58000E956A /* AppDelegate.swift */ = {isa = PBXFileReference; lastKnownFileType = sourcecode.swift; path = AppDelegate.swift; sourceTree = "<group>"; };
		CF75F67226F79F58000E956A /* SceneDelegate.swift */ = {isa = PBXFileReference; lastKnownFileType = sourcecode.swift; path = SceneDelegate.swift; sourceTree = "<group>"; };
		CF75F67426F79F58000E956A /* ViewController.swift */ = {isa = PBXFileReference; lastKnownFileType = sourcecode.swift; path = ViewController.swift; sourceTree = "<group>"; };
		CF75F67926F79F5A000E956A /* Assets.xcassets */ = {isa = PBXFileReference; lastKnownFileType = folder.assetcatalog; path = Assets.xcassets; sourceTree = "<group>"; };
		CF75F67C26F79F5A000E956A /* Base */ = {isa = PBXFileReference; lastKnownFileType = file.storyboard; name = Base; path = Base.lproj/LaunchScreen.storyboard; sourceTree = "<group>"; };
		CF75F67E26F79F5A000E956A /* Info.plist */ = {isa = PBXFileReference; lastKnownFileType = text.plist.xml; path = Info.plist; sourceTree = "<group>"; };
		CF75F68326F79F5B000E956A /* WeatherAPI-TestingTests.xctest */ = {isa = PBXFileReference; explicitFileType = wrapper.cfbundle; includeInIndex = 0; path = "WeatherAPI-TestingTests.xctest"; sourceTree = BUILT_PRODUCTS_DIR; };
		CF75F68726F79F5B000E956A /* WeatherAPI_TestingTests.swift */ = {isa = PBXFileReference; lastKnownFileType = sourcecode.swift; path = WeatherAPI_TestingTests.swift; sourceTree = "<group>"; };
		CF75F68D26F79F5B000E956A /* WeatherAPI-TestingUITests.xctest */ = {isa = PBXFileReference; explicitFileType = wrapper.cfbundle; includeInIndex = 0; path = "WeatherAPI-TestingUITests.xctest"; sourceTree = BUILT_PRODUCTS_DIR; };
		CF75F69126F79F5B000E956A /* WeatherAPI_TestingUITests.swift */ = {isa = PBXFileReference; lastKnownFileType = sourcecode.swift; path = WeatherAPI_TestingUITests.swift; sourceTree = "<group>"; };
		CF75F69326F79F5B000E956A /* WeatherAPI_TestingUITestsLaunchTests.swift */ = {isa = PBXFileReference; lastKnownFileType = sourcecode.swift; path = WeatherAPI_TestingUITestsLaunchTests.swift; sourceTree = "<group>"; };
		CF75F6A426F7A2CB000E956A /* WeatherManager.swift */ = {isa = PBXFileReference; lastKnownFileType = sourcecode.swift; path = WeatherManager.swift; sourceTree = "<group>"; };
		CF75F6A626F7A2D4000E956A /* WeatherModel.swift */ = {isa = PBXFileReference; lastKnownFileType = sourcecode.swift; path = WeatherModel.swift; sourceTree = "<group>"; };
		CF75F6A826F7A2E3000E956A /* WeatherData.swift */ = {isa = PBXFileReference; lastKnownFileType = sourcecode.swift; path = WeatherData.swift; sourceTree = "<group>"; };
		CF75F6AA26F7A302000E956A /* WeatherView.swift */ = {isa = PBXFileReference; lastKnownFileType = sourcecode.swift; path = WeatherView.swift; sourceTree = "<group>"; };
		CF7D133726F7BB9700B22C64 /* APIManager.swift */ = {isa = PBXFileReference; lastKnownFileType = sourcecode.swift; path = APIManager.swift; sourceTree = "<group>"; };
/* End PBXFileReference section */

/* Begin PBXFrameworksBuildPhase section */
		CF75F66A26F79F58000E956A /* Frameworks */ = {
			isa = PBXFrameworksBuildPhase;
			buildActionMask = 2147483647;
			files = (
			);
			runOnlyForDeploymentPostprocessing = 0;
		};
		CF75F68026F79F5B000E956A /* Frameworks */ = {
			isa = PBXFrameworksBuildPhase;
			buildActionMask = 2147483647;
			files = (
			);
			runOnlyForDeploymentPostprocessing = 0;
		};
		CF75F68A26F79F5B000E956A /* Frameworks */ = {
			isa = PBXFrameworksBuildPhase;
			buildActionMask = 2147483647;
			files = (
			);
			runOnlyForDeploymentPostprocessing = 0;
		};
/* End PBXFrameworksBuildPhase section */

/* Begin PBXGroup section */
		CF75F66426F79F58000E956A = {
			isa = PBXGroup;
			children = (
				CF75F66F26F79F58000E956A /* WeatherAPI-Testing */,
				CF75F68626F79F5B000E956A /* WeatherAPI-TestingTests */,
				CF75F69026F79F5B000E956A /* WeatherAPI-TestingUITests */,
				CF75F66E26F79F58000E956A /* Products */,
			);
			sourceTree = "<group>";
		};
		CF75F66E26F79F58000E956A /* Products */ = {
			isa = PBXGroup;
			children = (
				CF75F66D26F79F58000E956A /* WeatherAPI-Testing.app */,
				CF75F68326F79F5B000E956A /* WeatherAPI-TestingTests.xctest */,
				CF75F68D26F79F5B000E956A /* WeatherAPI-TestingUITests.xctest */,
			);
			name = Products;
			sourceTree = "<group>";
		};
		CF75F66F26F79F58000E956A /* WeatherAPI-Testing */ = {
			isa = PBXGroup;
			children = (
				CF75F67026F79F58000E956A /* AppDelegate.swift */,
				CF75F67226F79F58000E956A /* SceneDelegate.swift */,
				CF7D133726F7BB9700B22C64 /* APIManager.swift */,
				CF75F6A326F7A2BB000E956A /* View */,
				CF75F6A226F7A2AB000E956A /* Model */,
				CF75F6A126F7A29A000E956A /* Controller */,
				CF75F67926F79F5A000E956A /* Assets.xcassets */,
				CF75F67B26F79F5A000E956A /* LaunchScreen.storyboard */,
				CF75F67E26F79F5A000E956A /* Info.plist */,
			);
			path = "WeatherAPI-Testing";
			sourceTree = "<group>";
		};
		CF75F68626F79F5B000E956A /* WeatherAPI-TestingTests */ = {
			isa = PBXGroup;
			children = (
				CF75F68726F79F5B000E956A /* WeatherAPI_TestingTests.swift */,
			);
			path = "WeatherAPI-TestingTests";
			sourceTree = "<group>";
		};
		CF75F69026F79F5B000E956A /* WeatherAPI-TestingUITests */ = {
			isa = PBXGroup;
			children = (
				CF75F69126F79F5B000E956A /* WeatherAPI_TestingUITests.swift */,
				CF75F69326F79F5B000E956A /* WeatherAPI_TestingUITestsLaunchTests.swift */,
			);
			path = "WeatherAPI-TestingUITests";
			sourceTree = "<group>";
		};
		CF75F6A126F7A29A000E956A /* Controller */ = {
			isa = PBXGroup;
			children = (
				CF75F67426F79F58000E956A /* ViewController.swift */,
			);
			path = Controller;
			sourceTree = "<group>";
		};
		CF75F6A226F7A2AB000E956A /* Model */ = {
			isa = PBXGroup;
			children = (
				CF75F6A426F7A2CB000E956A /* WeatherManager.swift */,
				CF75F6A626F7A2D4000E956A /* WeatherModel.swift */,
				CF75F6A826F7A2E3000E956A /* WeatherData.swift */,
			);
			path = Model;
			sourceTree = "<group>";
		};
		CF75F6A326F7A2BB000E956A /* View */ = {
			isa = PBXGroup;
			children = (
				CF75F6AA26F7A302000E956A /* WeatherView.swift */,
			);
			path = View;
			sourceTree = "<group>";
		};
/* End PBXGroup section */

/* Begin PBXNativeTarget section */
		CF75F66C26F79F58000E956A /* WeatherAPI-Testing */ = {
			isa = PBXNativeTarget;
			buildConfigurationList = CF75F69726F79F5B000E956A /* Build configuration list for PBXNativeTarget "WeatherAPI-Testing" */;
			buildPhases = (
				CF75F66926F79F58000E956A /* Sources */,
				CF75F66A26F79F58000E956A /* Frameworks */,
				CF75F66B26F79F58000E956A /* Resources */,
			);
			buildRules = (
			);
			dependencies = (
			);
			name = "WeatherAPI-Testing";
			productName = "WeatherAPI-Testing";
			productReference = CF75F66D26F79F58000E956A /* WeatherAPI-Testing.app */;
			productType = "com.apple.product-type.application";
		};
		CF75F68226F79F5B000E956A /* WeatherAPI-TestingTests */ = {
			isa = PBXNativeTarget;
			buildConfigurationList = CF75F69A26F79F5B000E956A /* Build configuration list for PBXNativeTarget "WeatherAPI-TestingTests" */;
			buildPhases = (
				CF75F67F26F79F5B000E956A /* Sources */,
				CF75F68026F79F5B000E956A /* Frameworks */,
				CF75F68126F79F5B000E956A /* Resources */,
			);
			buildRules = (
			);
			dependencies = (
				CF75F68526F79F5B000E956A /* PBXTargetDependency */,
			);
			name = "WeatherAPI-TestingTests";
			productName = "WeatherAPI-TestingTests";
			productReference = CF75F68326F79F5B000E956A /* WeatherAPI-TestingTests.xctest */;
			productType = "com.apple.product-type.bundle.unit-test";
		};
		CF75F68C26F79F5B000E956A /* WeatherAPI-TestingUITests */ = {
			isa = PBXNativeTarget;
			buildConfigurationList = CF75F69D26F79F5B000E956A /* Build configuration list for PBXNativeTarget "WeatherAPI-TestingUITests" */;
			buildPhases = (
				CF75F68926F79F5B000E956A /* Sources */,
				CF75F68A26F79F5B000E956A /* Frameworks */,
				CF75F68B26F79F5B000E956A /* Resources */,
			);
			buildRules = (
			);
			dependencies = (
				CF75F68F26F79F5B000E956A /* PBXTargetDependency */,
			);
			name = "WeatherAPI-TestingUITests";
			productName = "WeatherAPI-TestingUITests";
			productReference = CF75F68D26F79F5B000E956A /* WeatherAPI-TestingUITests.xctest */;
			productType = "com.apple.product-type.bundle.ui-testing";
		};
/* End PBXNativeTarget section */

/* Begin PBXProject section */
		CF75F66526F79F58000E956A /* Project object */ = {
			isa = PBXProject;
			attributes = {
				BuildIndependentTargetsInParallel = 1;
				LastSwiftUpdateCheck = 1300;
				LastUpgradeCheck = 1300;
				TargetAttributes = {
					CF75F66C26F79F58000E956A = {
						CreatedOnToolsVersion = 13.0;
					};
					CF75F68226F79F5B000E956A = {
						CreatedOnToolsVersion = 13.0;
						TestTargetID = CF75F66C26F79F58000E956A;
					};
					CF75F68C26F79F5B000E956A = {
						CreatedOnToolsVersion = 13.0;
						TestTargetID = CF75F66C26F79F58000E956A;
					};
				};
			};
			buildConfigurationList = CF75F66826F79F58000E956A /* Build configuration list for PBXProject "WeatherAPI-Testing" */;
			compatibilityVersion = "Xcode 13.0";
			developmentRegion = en;
			hasScannedForEncodings = 0;
			knownRegions = (
				en,
				Base,
			);
			mainGroup = CF75F66426F79F58000E956A;
			productRefGroup = CF75F66E26F79F58000E956A /* Products */;
			projectDirPath = "";
			projectRoot = "";
			targets = (
				CF75F66C26F79F58000E956A /* WeatherAPI-Testing */,
				CF75F68226F79F5B000E956A /* WeatherAPI-TestingTests */,
				CF75F68C26F79F5B000E956A /* WeatherAPI-TestingUITests */,
			);
		};
/* End PBXProject section */

/* Begin PBXResourcesBuildPhase section */
		CF75F66B26F79F58000E956A /* Resources */ = {
			isa = PBXResourcesBuildPhase;
			buildActionMask = 2147483647;
			files = (
				CF75F67D26F79F5A000E956A /* LaunchScreen.storyboard in Resources */,
				CF75F67A26F79F5A000E956A /* Assets.xcassets in Resources */,
			);
			runOnlyForDeploymentPostprocessing = 0;
		};
		CF75F68126F79F5B000E956A /* Resources */ = {
			isa = PBXResourcesBuildPhase;
			buildActionMask = 2147483647;
			files = (
			);
			runOnlyForDeploymentPostprocessing = 0;
		};
		CF75F68B26F79F5B000E956A /* Resources */ = {
			isa = PBXResourcesBuildPhase;
			buildActionMask = 2147483647;
			files = (
			);
			runOnlyForDeploymentPostprocessing = 0;
		};
/* End PBXResourcesBuildPhase section */

/* Begin PBXSourcesBuildPhase section */
		CF75F66926F79F58000E956A /* Sources */ = {
			isa = PBXSourcesBuildPhase;
			buildActionMask = 2147483647;
			files = (
				CF7D133826F7BB9700B22C64 /* APIManager.swift in Sources */,
				CF75F67526F79F58000E956A /* ViewController.swift in Sources */,
				CF75F67126F79F58000E956A /* AppDelegate.swift in Sources */,
				CF75F6A526F7A2CB000E956A /* WeatherManager.swift in Sources */,
				CF75F67326F79F58000E956A /* SceneDelegate.swift in Sources */,
				CF75F6A926F7A2E3000E956A /* WeatherData.swift in Sources */,
				CF75F6AB26F7A302000E956A /* WeatherView.swift in Sources */,
				CF75F6A726F7A2D4000E956A /* WeatherModel.swift in Sources */,
			);
			runOnlyForDeploymentPostprocessing = 0;
		};
		CF75F67F26F79F5B000E956A /* Sources */ = {
			isa = PBXSourcesBuildPhase;
			buildActionMask = 2147483647;
			files = (
				CF75F68826F79F5B000E956A /* WeatherAPI_TestingTests.swift in Sources */,
			);
			runOnlyForDeploymentPostprocessing = 0;
		};
		CF75F68926F79F5B000E956A /* Sources */ = {
			isa = PBXSourcesBuildPhase;
			buildActionMask = 2147483647;
			files = (
				CF75F69226F79F5B000E956A /* WeatherAPI_TestingUITests.swift in Sources */,
				CF75F69426F79F5B000E956A /* WeatherAPI_TestingUITestsLaunchTests.swift in Sources */,
			);
			runOnlyForDeploymentPostprocessing = 0;
		};
/* End PBXSourcesBuildPhase section */

/* Begin PBXTargetDependency section */
		CF75F68526F79F5B000E956A /* PBXTargetDependency */ = {
			isa = PBXTargetDependency;
			target = CF75F66C26F79F58000E956A /* WeatherAPI-Testing */;
			targetProxy = CF75F68426F79F5B000E956A /* PBXContainerItemProxy */;
		};
		CF75F68F26F79F5B000E956A /* PBXTargetDependency */ = {
			isa = PBXTargetDependency;
			target = CF75F66C26F79F58000E956A /* WeatherAPI-Testing */;
			targetProxy = CF75F68E26F79F5B000E956A /* PBXContainerItemProxy */;
		};
/* End PBXTargetDependency section */

/* Begin PBXVariantGroup section */
		CF75F67B26F79F5A000E956A /* LaunchScreen.storyboard */ = {
			isa = PBXVariantGroup;
			children = (
				CF75F67C26F79F5A000E956A /* Base */,
			);
			name = LaunchScreen.storyboard;
			sourceTree = "<group>";
		};
/* End PBXVariantGroup section */

/* Begin XCBuildConfiguration section */
		CF75F69526F79F5B000E956A /* Debug */ = {
			isa = XCBuildConfiguration;
			buildSettings = {
				ALWAYS_SEARCH_USER_PATHS = NO;
				CLANG_ANALYZER_NONNULL = YES;
				CLANG_ANALYZER_NUMBER_OBJECT_CONVERSION = YES_AGGRESSIVE;
				CLANG_CXX_LANGUAGE_STANDARD = "gnu++17";
				CLANG_CXX_LIBRARY = "libc++";
				CLANG_ENABLE_MODULES = YES;
				CLANG_ENABLE_OBJC_ARC = YES;
				CLANG_ENABLE_OBJC_WEAK = YES;
				CLANG_WARN_BLOCK_CAPTURE_AUTORELEASING = YES;
				CLANG_WARN_BOOL_CONVERSION = YES;
				CLANG_WARN_COMMA = YES;
				CLANG_WARN_CONSTANT_CONVERSION = YES;
				CLANG_WARN_DEPRECATED_OBJC_IMPLEMENTATIONS = YES;
				CLANG_WARN_DIRECT_OBJC_ISA_USAGE = YES_ERROR;
				CLANG_WARN_DOCUMENTATION_COMMENTS = YES;
				CLANG_WARN_EMPTY_BODY = YES;
				CLANG_WARN_ENUM_CONVERSION = YES;
				CLANG_WARN_INFINITE_RECURSION = YES;
				CLANG_WARN_INT_CONVERSION = YES;
				CLANG_WARN_NON_LITERAL_NULL_CONVERSION = YES;
				CLANG_WARN_OBJC_IMPLICIT_RETAIN_SELF = YES;
				CLANG_WARN_OBJC_LITERAL_CONVERSION = YES;
				CLANG_WARN_OBJC_ROOT_CLASS = YES_ERROR;
				CLANG_WARN_QUOTED_INCLUDE_IN_FRAMEWORK_HEADER = YES;
				CLANG_WARN_RANGE_LOOP_ANALYSIS = YES;
				CLANG_WARN_STRICT_PROTOTYPES = YES;
				CLANG_WARN_SUSPICIOUS_MOVE = YES;
				CLANG_WARN_UNGUARDED_AVAILABILITY = YES_AGGRESSIVE;
				CLANG_WARN_UNREACHABLE_CODE = YES;
				CLANG_WARN__DUPLICATE_METHOD_MATCH = YES;
				COPY_PHASE_STRIP = NO;
				DEBUG_INFORMATION_FORMAT = dwarf;
				ENABLE_STRICT_OBJC_MSGSEND = YES;
				ENABLE_TESTABILITY = YES;
				GCC_C_LANGUAGE_STANDARD = gnu11;
				GCC_DYNAMIC_NO_PIC = NO;
				GCC_NO_COMMON_BLOCKS = YES;
				GCC_OPTIMIZATION_LEVEL = 0;
				GCC_PREPROCESSOR_DEFINITIONS = (
					"DEBUG=1",
					"$(inherited)",
				);
				GCC_WARN_64_TO_32_BIT_CONVERSION = YES;
				GCC_WARN_ABOUT_RETURN_TYPE = YES_ERROR;
				GCC_WARN_UNDECLARED_SELECTOR = YES;
				GCC_WARN_UNINITIALIZED_AUTOS = YES_AGGRESSIVE;
				GCC_WARN_UNUSED_FUNCTION = YES;
				GCC_WARN_UNUSED_VARIABLE = YES;
				IPHONEOS_DEPLOYMENT_TARGET = 15.0;
				MTL_ENABLE_DEBUG_INFO = INCLUDE_SOURCE;
				MTL_FAST_MATH = YES;
				ONLY_ACTIVE_ARCH = YES;
				SDKROOT = iphoneos;
				SWIFT_ACTIVE_COMPILATION_CONDITIONS = DEBUG;
				SWIFT_OPTIMIZATION_LEVEL = "-Onone";
			};
			name = Debug;
		};
		CF75F69626F79F5B000E956A /* Release */ = {
			isa = XCBuildConfiguration;
			buildSettings = {
				ALWAYS_SEARCH_USER_PATHS = NO;
				CLANG_ANALYZER_NONNULL = YES;
				CLANG_ANALYZER_NUMBER_OBJECT_CONVERSION = YES_AGGRESSIVE;
				CLANG_CXX_LANGUAGE_STANDARD = "gnu++17";
				CLANG_CXX_LIBRARY = "libc++";
				CLANG_ENABLE_MODULES = YES;
				CLANG_ENABLE_OBJC_ARC = YES;
				CLANG_ENABLE_OBJC_WEAK = YES;
				CLANG_WARN_BLOCK_CAPTURE_AUTORELEASING = YES;
				CLANG_WARN_BOOL_CONVERSION = YES;
				CLANG_WARN_COMMA = YES;
				CLANG_WARN_CONSTANT_CONVERSION = YES;
				CLANG_WARN_DEPRECATED_OBJC_IMPLEMENTATIONS = YES;
				CLANG_WARN_DIRECT_OBJC_ISA_USAGE = YES_ERROR;
				CLANG_WARN_DOCUMENTATION_COMMENTS = YES;
				CLANG_WARN_EMPTY_BODY = YES;
				CLANG_WARN_ENUM_CONVERSION = YES;
				CLANG_WARN_INFINITE_RECURSION = YES;
				CLANG_WARN_INT_CONVERSION = YES;
				CLANG_WARN_NON_LITERAL_NULL_CONVERSION = YES;
				CLANG_WARN_OBJC_IMPLICIT_RETAIN_SELF = YES;
				CLANG_WARN_OBJC_LITERAL_CONVERSION = YES;
				CLANG_WARN_OBJC_ROOT_CLASS = YES_ERROR;
				CLANG_WARN_QUOTED_INCLUDE_IN_FRAMEWORK_HEADER = YES;
				CLANG_WARN_RANGE_LOOP_ANALYSIS = YES;
				CLANG_WARN_STRICT_PROTOTYPES = YES;
				CLANG_WARN_SUSPICIOUS_MOVE = YES;
				CLANG_WARN_UNGUARDED_AVAILABILITY = YES_AGGRESSIVE;
				CLANG_WARN_UNREACHABLE_CODE = YES;
				CLANG_WARN__DUPLICATE_METHOD_MATCH = YES;
				COPY_PHASE_STRIP = NO;
				DEBUG_INFORMATION_FORMAT = "dwarf-with-dsym";
				ENABLE_NS_ASSERTIONS = NO;
				ENABLE_STRICT_OBJC_MSGSEND = YES;
				GCC_C_LANGUAGE_STANDARD = gnu11;
				GCC_NO_COMMON_BLOCKS = YES;
				GCC_WARN_64_TO_32_BIT_CONVERSION = YES;
				GCC_WARN_ABOUT_RETURN_TYPE = YES_ERROR;
				GCC_WARN_UNDECLARED_SELECTOR = YES;
				GCC_WARN_UNINITIALIZED_AUTOS = YES_AGGRESSIVE;
				GCC_WARN_UNUSED_FUNCTION = YES;
				GCC_WARN_UNUSED_VARIABLE = YES;
				IPHONEOS_DEPLOYMENT_TARGET = 15.0;
				MTL_ENABLE_DEBUG_INFO = NO;
				MTL_FAST_MATH = YES;
				SDKROOT = iphoneos;
				SWIFT_COMPILATION_MODE = wholemodule;
				SWIFT_OPTIMIZATION_LEVEL = "-O";
				VALIDATE_PRODUCT = YES;
			};
			name = Release;
		};
		CF75F69826F79F5B000E956A /* Debug */ = {
			isa = XCBuildConfiguration;
			buildSettings = {
				ASSETCATALOG_COMPILER_APPICON_NAME = AppIcon;
				ASSETCATALOG_COMPILER_GLOBAL_ACCENT_COLOR_NAME = AccentColor;
				CODE_SIGN_STYLE = Automatic;
				CURRENT_PROJECT_VERSION = 1;
				DEVELOPMENT_TEAM = 83KH3JF2CE;
				GENERATE_INFOPLIST_FILE = YES;
				INFOPLIST_FILE = "WeatherAPI-Testing/Info.plist";
				INFOPLIST_KEY_CFBundleDisplayName = "WeatherAPI App";
				INFOPLIST_KEY_UIApplicationSupportsIndirectInputEvents = YES;
				INFOPLIST_KEY_UILaunchStoryboardName = LaunchScreen;
				INFOPLIST_KEY_UISupportedInterfaceOrientations_iPad = "UIInterfaceOrientationPortrait UIInterfaceOrientationPortraitUpsideDown UIInterfaceOrientationLandscapeLeft UIInterfaceOrientationLandscapeRight";
				INFOPLIST_KEY_UISupportedInterfaceOrientations_iPhone = "UIInterfaceOrientationPortrait UIInterfaceOrientationLandscapeLeft UIInterfaceOrientationLandscapeRight";
				LD_RUNPATH_SEARCH_PATHS = (
					"$(inherited)",
					"@executable_path/Frameworks",
				);
				MARKETING_VERSION = 1.0;
				PRODUCT_BUNDLE_IDENTIFIER = "weatherapi.WeatherAPI-Testing";
				PRODUCT_NAME = "$(TARGET_NAME)";
				SWIFT_EMIT_LOC_STRINGS = YES;
				SWIFT_VERSION = 5.0;
				TARGETED_DEVICE_FAMILY = 2;
			};
			name = Debug;
		};
		CF75F69926F79F5B000E956A /* Release */ = {
			isa = XCBuildConfiguration;
			buildSettings = {
				ASSETCATALOG_COMPILER_APPICON_NAME = AppIcon;
				ASSETCATALOG_COMPILER_GLOBAL_ACCENT_COLOR_NAME = AccentColor;
				CODE_SIGN_STYLE = Automatic;
				CURRENT_PROJECT_VERSION = 1;
				DEVELOPMENT_TEAM = 83KH3JF2CE;
				GENERATE_INFOPLIST_FILE = YES;
				INFOPLIST_FILE = "WeatherAPI-Testing/Info.plist";
				INFOPLIST_KEY_CFBundleDisplayName = "WeatherAPI App";
				INFOPLIST_KEY_UIApplicationSupportsIndirectInputEvents = YES;
				INFOPLIST_KEY_UILaunchStoryboardName = LaunchScreen;
				INFOPLIST_KEY_UISupportedInterfaceOrientations_iPad = "UIInterfaceOrientationPortrait UIInterfaceOrientationPortraitUpsideDown UIInterfaceOrientationLandscapeLeft UIInterfaceOrientationLandscapeRight";
				INFOPLIST_KEY_UISupportedInterfaceOrientations_iPhone = "UIInterfaceOrientationPortrait UIInterfaceOrientationLandscapeLeft UIInterfaceOrientationLandscapeRight";
				LD_RUNPATH_SEARCH_PATHS = (
					"$(inherited)",
					"@executable_path/Frameworks",
				);
				MARKETING_VERSION = 1.0;
				PRODUCT_BUNDLE_IDENTIFIER = "weatherapi.WeatherAPI-Testing";
				PRODUCT_NAME = "$(TARGET_NAME)";
				SWIFT_EMIT_LOC_STRINGS = YES;
				SWIFT_VERSION = 5.0;
				TARGETED_DEVICE_FAMILY = 2;
			};
			name = Release;
		};
		CF75F69B26F79F5B000E956A /* Debug */ = {
			isa = XCBuildConfiguration;
			buildSettings = {
				ALWAYS_EMBED_SWIFT_STANDARD_LIBRARIES = YES;
				BUNDLE_LOADER = "$(TEST_HOST)";
				CODE_SIGN_STYLE = Automatic;
				CURRENT_PROJECT_VERSION = 1;
				DEVELOPMENT_TEAM = 83KH3JF2CE;
				GENERATE_INFOPLIST_FILE = YES;
				IPHONEOS_DEPLOYMENT_TARGET = 15.0;
				LD_RUNPATH_SEARCH_PATHS = (
					"$(inherited)",
					"@executable_path/Frameworks",
					"@loader_path/Frameworks",
				);
				MARKETING_VERSION = 1.0;
				PRODUCT_BUNDLE_IDENTIFIER = "weatherapi.WeatherAPI-TestingTests";
				PRODUCT_NAME = "$(TARGET_NAME)";
				SWIFT_EMIT_LOC_STRINGS = NO;
				SWIFT_VERSION = 5.0;
				TARGETED_DEVICE_FAMILY = "1,2";
				TEST_HOST = "$(BUILT_PRODUCTS_DIR)/WeatherAPI-Testing.app/WeatherAPI-Testing";
			};
			name = Debug;
		};
		CF75F69C26F79F5B000E956A /* Release */ = {
			isa = XCBuildConfiguration;
			buildSettings = {
				ALWAYS_EMBED_SWIFT_STANDARD_LIBRARIES = YES;
				BUNDLE_LOADER = "$(TEST_HOST)";
				CODE_SIGN_STYLE = Automatic;
				CURRENT_PROJECT_VERSION = 1;
				DEVELOPMENT_TEAM = 83KH3JF2CE;
				GENERATE_INFOPLIST_FILE = YES;
				IPHONEOS_DEPLOYMENT_TARGET = 15.0;
				LD_RUNPATH_SEARCH_PATHS = (
					"$(inherited)",
					"@executable_path/Frameworks",
					"@loader_path/Frameworks",
				);
				MARKETING_VERSION = 1.0;
				PRODUCT_BUNDLE_IDENTIFIER = "weatherapi.WeatherAPI-TestingTests";
				PRODUCT_NAME = "$(TARGET_NAME)";
				SWIFT_EMIT_LOC_STRINGS = NO;
				SWIFT_VERSION = 5.0;
				TARGETED_DEVICE_FAMILY = "1,2";
				TEST_HOST = "$(BUILT_PRODUCTS_DIR)/WeatherAPI-Testing.app/WeatherAPI-Testing";
			};
			name = Release;
		};
		CF75F69E26F79F5B000E956A /* Debug */ = {
			isa = XCBuildConfiguration;
			buildSettings = {
				ALWAYS_EMBED_SWIFT_STANDARD_LIBRARIES = YES;
				CODE_SIGN_STYLE = Automatic;
				CURRENT_PROJECT_VERSION = 1;
				DEVELOPMENT_TEAM = 83KH3JF2CE;
				GENERATE_INFOPLIST_FILE = YES;
				LD_RUNPATH_SEARCH_PATHS = (
					"$(inherited)",
					"@executable_path/Frameworks",
					"@loader_path/Frameworks",
				);
				MARKETING_VERSION = 1.0;
				PRODUCT_BUNDLE_IDENTIFIER = "weatherapi.WeatherAPI-TestingUITests";
				PRODUCT_NAME = "$(TARGET_NAME)";
				SWIFT_EMIT_LOC_STRINGS = NO;
				SWIFT_VERSION = 5.0;
				TARGETED_DEVICE_FAMILY = "1,2";
				TEST_TARGET_NAME = "WeatherAPI-Testing";
			};
			name = Debug;
		};
		CF75F69F26F79F5B000E956A /* Release */ = {
			isa = XCBuildConfiguration;
			buildSettings = {
				ALWAYS_EMBED_SWIFT_STANDARD_LIBRARIES = YES;
				CODE_SIGN_STYLE = Automatic;
				CURRENT_PROJECT_VERSION = 1;
				DEVELOPMENT_TEAM = 83KH3JF2CE;
				GENERATE_INFOPLIST_FILE = YES;
				LD_RUNPATH_SEARCH_PATHS = (
					"$(inherited)",
					"@executable_path/Frameworks",
					"@loader_path/Frameworks",
				);
				MARKETING_VERSION = 1.0;
				PRODUCT_BUNDLE_IDENTIFIER = "weatherapi.WeatherAPI-TestingUITests";
				PRODUCT_NAME = "$(TARGET_NAME)";
				SWIFT_EMIT_LOC_STRINGS = NO;
				SWIFT_VERSION = 5.0;
				TARGETED_DEVICE_FAMILY = "1,2";
				TEST_TARGET_NAME = "WeatherAPI-Testing";
			};
			name = Release;
		};
/* End XCBuildConfiguration section */

/* Begin XCConfigurationList section */
		CF75F66826F79F58000E956A /* Build configuration list for PBXProject "WeatherAPI-Testing" */ = {
			isa = XCConfigurationList;
			buildConfigurations = (
				CF75F69526F79F5B000E956A /* Debug */,
				CF75F69626F79F5B000E956A /* Release */,
			);
			defaultConfigurationIsVisible = 0;
			defaultConfigurationName = Release;
		};
		CF75F69726F79F5B000E956A /* Build configuration list for PBXNativeTarget "WeatherAPI-Testing" */ = {
			isa = XCConfigurationList;
			buildConfigurations = (
				CF75F69826F79F5B000E956A /* Debug */,
				CF75F69926F79F5B000E956A /* Release */,
			);
			defaultConfigurationIsVisible = 0;
			defaultConfigurationName = Release;
		};
		CF75F69A26F79F5B000E956A /* Build configuration list for PBXNativeTarget "WeatherAPI-TestingTests" */ = {
			isa = XCConfigurationList;
			buildConfigurations = (
				CF75F69B26F79F5B000E956A /* Debug */,
				CF75F69C26F79F5B000E956A /* Release */,
			);
			defaultConfigurationIsVisible = 0;
			defaultConfigurationName = Release;
		};
		CF75F69D26F79F5B000E956A /* Build configuration list for PBXNativeTarget "WeatherAPI-TestingUITests" */ = {
			isa = XCConfigurationList;
			buildConfigurations = (
				CF75F69E26F79F5B000E956A /* Debug */,
				CF75F69F26F79F5B000E956A /* Release */,
			);
			defaultConfigurationIsVisible = 0;
			defaultConfigurationName = Release;
		};
/* End XCConfigurationList section */
	};
	rootObject = CF75F66526F79F58000E956A /* Project object */;
}
